<?xml version="1.0" encoding="utf-8"?>
<Project ToolsVersion="4.0" xmlns="http://schemas.microsoft.com/developer/msbuild/2003">
  <ItemGroup>
    <Filter Include="Source Files">
      <UniqueIdentifier>{4FC737F1-C7A5-4376-A066-2A32D752A2FF}</UniqueIdentifier>
      <Extensions>cpp;c;cc;cxx;def;odl;idl;hpj;bat;asm;asmx</Extensions>
    </Filter>
    <Filter Include="Header Files">
      <UniqueIdentifier>{93995380-89BD-4b04-88EB-625FBE52EBFB}</UniqueIdentifier>
      <Extensions>h;hpp;hxx;hm;inl;inc;xsd</Extensions>
    </Filter>
    <Filter Include="Resource Files">
      <UniqueIdentifier>{67DA6AB6-F800-4c08-8B7A-83BB121AAD01}</UniqueIdentifier>
      <Extensions>rc;ico;cur;bmp;dlg;rc2;rct;bin;rgs;gif;jpg;jpeg;jpe;resx;tiff;tif;png;wav;mfcribbon-ms</Extensions>
    </Filter>
    <Filter Include="Header Files\StanHull">
      <UniqueIdentifier>{ab93e8f8-e9a7-47d7-a866-7320f2874f1e}</UniqueIdentifier>
    </Filter>
    <Filter Include="Source Files\StanHull">
      <UniqueIdentifier>{85537370-e064-4b9b-a1b9-dd1940c24be2}</UniqueIdentifier>
    </Filter>
  </ItemGroup>
  <ItemGroup>
    <ClInclude Include="DDConvexHullCmd.h">
      <Filter>Header Files</Filter>
    </ClInclude>
    <ClInclude Include="DDConvexHullNode.h">
      <Filter>Header Files</Filter>
    </ClInclude>
    <ClInclude Include="DDConvexHullUtils.h">
      <Filter>Header Files</Filter>
    </ClInclude>
    <ClInclude Include="StanHull\hull.h">
      <Filter>Header Files\StanHull</Filter>
    </ClInclude>
  </ItemGroup>
  <ItemGroup>
    <ClCompile Include="DDConvexHullCmd.cpp">
      <Filter>Source Files</Filter>
    </ClCompile>
    <ClCompile Include="DDConvexHullNode.cpp">
      <Filter>Source Files</Filter>
    </ClCompile>
    <ClCompile Include="DDConvexHullPlugin.cpp">
      <Filter>Source Files</Filter>
    </ClCompile>
    <ClCompile Include="DDConvexHullUtils.cpp">
      <Filter>Source Files</Filter>
    </ClCompile>
    <ClCompile Include="StanHull\hull.cpp">
      <Filter>Source Files\StanHull</Filter>
    </ClCompile>
  </ItemGroup>
</Project>