// !$*UTF8*$!
{
	archiveVersion = 1;
	classes = {
	};
	objectVersion = 46;
	objects = {

/* Begin PBXBuildFile section */
		6D0D36BC1690CBCE0007D530 /* DDConvexHullNode.cpp in Sources */ = {isa = PBXBuildFile; fileRef = 6D0D36BA1690CBCE0007D530 /* DDConvexHullNode.cpp */; };
		6D0D36BD1690CBCE0007D530 /* DDConvexHullNode.h in Headers */ = {isa = PBXBuildFile; fileRef = 6D0D36BB1690CBCE0007D530 /* DDConvexHullNode.h */; };
		6D0D36C21690D1F70007D530 /* DDConvexHullPlugin.cpp in Sources */ = {isa = PBXBuildFile; fileRef = 6D0D36C11690D1F70007D530 /* DDConvexHullPlugin.cpp */; };
		6D0D36C71690DDF90007D530 /* hull.cpp in Sources */ = {isa = PBXBuildFile; fileRef = 6D0D36C41690DDF90007D530 /* hull.cpp */; };
		6D0D36C81690DDF90007D530 /* hull.h in Headers */ = {isa = PBXBuildFile; fileRef = 6D0D36C51690DDF90007D530 /* hull.h */; };
		6D26E39316B792E2007148BB /* DDConvexHullUtils.cpp in Sources */ = {isa = PBXBuildFile; fileRef = 6D26E39116B792E2007148BB /* DDConvexHullUtils.cpp */; };
		6D26E39416B792E2007148BB /* DDConvexHullUtils.h in Headers */ = {isa = PBXBuildFile; fileRef = 6D26E39216B792E2007148BB /* DDConvexHullUtils.h */; };
		6DECFAE81693557F0009A010 /* stanhull.cpp in Sources */ = {isa = PBXBuildFile; fileRef = 6DECFAD6169354990009A010 /* stanhull.cpp */; };
		6DECFAE91693557F0009A010 /* wavefront.cpp in Sources */ = {isa = PBXBuildFile; fileRef = 6DECFAD7169354990009A010 /* wavefront.cpp */; };
		6DECFAEB1693557F0009A010 /* hull.cpp in Sources */ = {isa = PBXBuildFile; fileRef = 6D0D36C41690DDF90007D530 /* hull.cpp */; };
		6DECFAF31693AFA60009A010 /* DDConvexHullCmd.cpp in Sources */ = {isa = PBXBuildFile; fileRef = 6DECFAF11693AFA60009A010 /* DDConvexHullCmd.cpp */; };
/* End PBXBuildFile section */

/* Begin PBXCopyFilesBuildPhase section */
		6DECFADC169354C00009A010 /* CopyFiles */ = {
			isa = PBXCopyFilesBuildPhase;
			buildActionMask = 2147483647;
			dstPath = /usr/share/man/man1/;
			dstSubfolderSpec = 0;
			files = (
			);
			runOnlyForDeploymentPostprocessing = 1;
		};
/* End PBXCopyFilesBuildPhase section */

/* Begin PBXFileReference section */
		6D0D36AF1690C86D0007D530 /* DDConvexHull.bundle */ = {isa = PBXFileReference; explicitFileType = "compiled.mach-o.dylib"; includeInIndex = 0; path = DDConvexHull.bundle; sourceTree = BUILT_PRODUCTS_DIR; };
		6D0D36BA1690CBCE0007D530 /* DDConvexHullNode.cpp */ = {isa = PBXFileReference; fileEncoding = 4; lastKnownFileType = sourcecode.cpp.cpp; path = DDConvexHullNode.cpp; sourceTree = "<group>"; };
		6D0D36BB1690CBCE0007D530 /* DDConvexHullNode.h */ = {isa = PBXFileReference; fileEncoding = 4; lastKnownFileType = sourcecode.c.h; path = DDConvexHullNode.h; sourceTree = "<group>"; };
		6D0D36C11690D1F70007D530 /* DDConvexHullPlugin.cpp */ = {isa = PBXFileReference; fileEncoding = 4; lastKnownFileType = sourcecode.cpp.cpp; path = DDConvexHullPlugin.cpp; sourceTree = "<group>"; };
		6D0D36C41690DDF90007D530 /* hull.cpp */ = {isa = PBXFileReference; fileEncoding = 4; lastKnownFileType = sourcecode.cpp.cpp; name = hull.cpp; path = StanHull/hull.cpp; sourceTree = "<group>"; };
		6D0D36C51690DDF90007D530 /* hull.h */ = {isa = PBXFileReference; fileEncoding = 4; lastKnownFileType = sourcecode.c.h; name = hull.h; path = StanHull/hull.h; sourceTree = "<group>"; };
		6D0D36C61690DDF90007D530 /* readme.txt */ = {isa = PBXFileReference; fileEncoding = 4; lastKnownFileType = text; name = readme.txt; path = StanHull/readme.txt; sourceTree = "<group>"; };
		6D26E39116B792E2007148BB /* DDConvexHullUtils.cpp */ = {isa = PBXFileReference; fileEncoding = 4; lastKnownFileType = sourcecode.cpp.cpp; path = DDConvexHullUtils.cpp; sourceTree = "<group>"; };
		6D26E39216B792E2007148BB /* DDConvexHullUtils.h */ = {isa = PBXFileReference; fileEncoding = 4; lastKnownFileType = sourcecode.c.h; path = DDConvexHullUtils.h; sourceTree = "<group>"; };
		6DECFAD6169354990009A010 /* stanhull.cpp */ = {isa = PBXFileReference; lastKnownFileType = sourcecode.cpp.cpp; name = stanhull.cpp; path = StanHull/stanhull.cpp; sourceTree = "<group>"; };
		6DECFAD7169354990009A010 /* wavefront.cpp */ = {isa = PBXFileReference; lastKnownFileType = sourcecode.cpp.cpp; name = wavefront.cpp; path = StanHull/wavefront.cpp; sourceTree = "<group>"; };
		6DECFAD8169354990009A010 /* wavefront.h */ = {isa = PBXFileReference; lastKnownFileType = sourcecode.c.h; name = wavefront.h; path = StanHull/wavefront.h; sourceTree = "<group>"; };
		6DECFADE169354C00009A010 /* StanHull */ = {isa = PBXFileReference; explicitFileType = "compiled.mach-o.executable"; includeInIndex = 0; path = StanHull; sourceTree = BUILT_PRODUCTS_DIR; };
		6DECFAF01693897D0009A010 /* DDConvexHullTest.mel */ = {isa = PBXFileReference; fileEncoding = 4; lastKnownFileType = text; name = DDConvexHullTest.mel; path = Scripts/DDConvexHullTest.mel; sourceTree = "<group>"; };
		6DECFAF11693AFA60009A010 /* DDConvexHullCmd.cpp */ = {isa = PBXFileReference; fileEncoding = 4; lastKnownFileType = sourcecode.cpp.cpp; path = DDConvexHullCmd.cpp; sourceTree = "<group>"; };
		6DECFAF51693B08D0009A010 /* DDConvexHullCmd.h */ = {isa = PBXFileReference; lastKnownFileType = sourcecode.c.h; path = DDConvexHullCmd.h; sourceTree = "<group>"; };
/* End PBXFileReference section */

/* Begin PBXFrameworksBuildPhase section */
		6D0D36AC1690C86D0007D530 /* Frameworks */ = {
			isa = PBXFrameworksBuildPhase;
			buildActionMask = 2147483647;
			files = (
			);
			runOnlyForDeploymentPostprocessing = 0;
		};
		6DECFADB169354C00009A010 /* Frameworks */ = {
			isa = PBXFrameworksBuildPhase;
			buildActionMask = 2147483647;
			files = (
			);
			runOnlyForDeploymentPostprocessing = 0;
		};
/* End PBXFrameworksBuildPhase section */

/* Begin PBXGroup section */
		6D0D36A41690C86D0007D530 = {
			isa = PBXGroup;
			children = (
				6D0D36B91690CBB50007D530 /* Source */,
				6D0D36B01690C86D0007D530 /* Products */,
			);
			sourceTree = "<group>";
		};
		6D0D36B01690C86D0007D530 /* Products */ = {
			isa = PBXGroup;
			children = (
				6D0D36AF1690C86D0007D530 /* DDConvexHull.bundle */,
				6DECFADE169354C00009A010 /* StanHull */,
			);
			name = Products;
			sourceTree = "<group>";
		};
		6D0D36B91690CBB50007D530 /* Source */ = {
			isa = PBXGroup;
			children = (
				6DECFAED1693696E0009A010 /* Scripts */,
				6D0D36C31690DDE30007D530 /* StanHull */,
				6D0D36BA1690CBCE0007D530 /* DDConvexHullNode.cpp */,
				6D0D36BB1690CBCE0007D530 /* DDConvexHullNode.h */,
				6D0D36C11690D1F70007D530 /* DDConvexHullPlugin.cpp */,
				6DECFAF11693AFA60009A010 /* DDConvexHullCmd.cpp */,
				6DECFAF51693B08D0009A010 /* DDConvexHullCmd.h */,
				6D26E39116B792E2007148BB /* DDConvexHullUtils.cpp */,
				6D26E39216B792E2007148BB /* DDConvexHullUtils.h */,
			);
			name = Source;
			sourceTree = "<group>";
		};
		6D0D36C31690DDE30007D530 /* StanHull */ = {
			isa = PBXGroup;
			children = (
				6DECFAD6169354990009A010 /* stanhull.cpp */,
				6DECFAD7169354990009A010 /* wavefront.cpp */,
				6DECFAD8169354990009A010 /* wavefront.h */,
				6D0D36C41690DDF90007D530 /* hull.cpp */,
				6D0D36C51690DDF90007D530 /* hull.h */,
				6D0D36C61690DDF90007D530 /* readme.txt */,
			);
			name = StanHull;
			sourceTree = "<group>";
		};
		6DECFAED1693696E0009A010 /* Scripts */ = {
			isa = PBXGroup;
			children = (
				6DECFAF01693897D0009A010 /* DDConvexHullTest.mel */,
			);
			name = Scripts;
			sourceTree = "<group>";
		};
/* End PBXGroup section */

/* Begin PBXHeadersBuildPhase section */
		6D0D36AD1690C86D0007D530 /* Headers */ = {
			isa = PBXHeadersBuildPhase;
			buildActionMask = 2147483647;
			files = (
				6D0D36BD1690CBCE0007D530 /* DDConvexHullNode.h in Headers */,
				6D0D36C81690DDF90007D530 /* hull.h in Headers */,
				6D26E39416B792E2007148BB /* DDConvexHullUtils.h in Headers */,
			);
			runOnlyForDeploymentPostprocessing = 0;
		};
/* End PBXHeadersBuildPhase section */

/* Begin PBXNativeTarget section */
		6D0D36AE1690C86D0007D530 /* DDConvexHull */ = {
			isa = PBXNativeTarget;
			buildConfigurationList = 6D0D36B31690C86D0007D530 /* Build configuration list for PBXNativeTarget "DDConvexHull" */;
			buildPhases = (
				6D0D36AB1690C86D0007D530 /* Sources */,
				6D0D36AC1690C86D0007D530 /* Frameworks */,
				6D0D36AD1690C86D0007D530 /* Headers */,
			);
			buildRules = (
			);
			dependencies = (
			);
			name = DDConvexHull;
			productName = DDConvexHull;
			productReference = 6D0D36AF1690C86D0007D530 /* DDConvexHull.bundle */;
			productType = "com.apple.product-type.library.dynamic";
		};
		6DECFADD169354C00009A010 /* StanHull */ = {
			isa = PBXNativeTarget;
			buildConfigurationList = 6DECFAE5169354C00009A010 /* Build configuration list for PBXNativeTarget "StanHull" */;
			buildPhases = (
				6DECFADA169354C00009A010 /* Sources */,
				6DECFADB169354C00009A010 /* Frameworks */,
				6DECFADC169354C00009A010 /* CopyFiles */,
			);
			buildRules = (
			);
			dependencies = (
			);
			name = StanHull;
			productName = StanHull;
			productReference = 6DECFADE169354C00009A010 /* StanHull */;
			productType = "com.apple.product-type.tool";
		};
/* End PBXNativeTarget section */

/* Begin PBXProject section */
		6D0D36A61690C86D0007D530 /* Project object */ = {
			isa = PBXProject;
			attributes = {
				LastUpgradeCheck = 0460;
				ORGANIZATIONNAME = "Jonathan Tilden";
			};
			buildConfigurationList = 6D0D36A91690C86D0007D530 /* Build configuration list for PBXProject "DDConvexHull" */;
			compatibilityVersion = "Xcode 3.2";
			developmentRegion = English;
			hasScannedForEncodings = 0;
			knownRegions = (
				en,
			);
			mainGroup = 6D0D36A41690C86D0007D530;
			productRefGroup = 6D0D36B01690C86D0007D530 /* Products */;
			projectDirPath = "";
			projectRoot = "";
			targets = (
				6D0D36AE1690C86D0007D530 /* DDConvexHull */,
				6DECFADD169354C00009A010 /* StanHull */,
			);
		};
/* End PBXProject section */

/* Begin PBXSourcesBuildPhase section */
		6D0D36AB1690C86D0007D530 /* Sources */ = {
			isa = PBXSourcesBuildPhase;
			buildActionMask = 2147483647;
			files = (
				6D0D36BC1690CBCE0007D530 /* DDConvexHullNode.cpp in Sources */,
				6D0D36C21690D1F70007D530 /* DDConvexHullPlugin.cpp in Sources */,
				6D0D36C71690DDF90007D530 /* hull.cpp in Sources */,
				6DECFAF31693AFA60009A010 /* DDConvexHullCmd.cpp in Sources */,
				6D26E39316B792E2007148BB /* DDConvexHullUtils.cpp in Sources */,
			);
			runOnlyForDeploymentPostprocessing = 0;
		};
		6DECFADA169354C00009A010 /* Sources */ = {
			isa = PBXSourcesBuildPhase;
			buildActionMask = 2147483647;
			files = (
				6DECFAE81693557F0009A010 /* stanhull.cpp in Sources */,
				6DECFAE91693557F0009A010 /* wavefront.cpp in Sources */,
				6DECFAEB1693557F0009A010 /* hull.cpp in Sources */,
			);
			runOnlyForDeploymentPostprocessing = 0;
		};
/* End PBXSourcesBuildPhase section */

/* Begin XCBuildConfiguration section */
		6D0D36B11690C86D0007D530 /* Debug */ = {
			isa = XCBuildConfiguration;
			buildSettings = {
				ALWAYS_SEARCH_USER_PATHS = NO;
				ARCHS = "$(ARCHS_STANDARD_32_64_BIT)";
				CLANG_CXX_LANGUAGE_STANDARD = "gnu++0x";
				CLANG_CXX_LIBRARY = "libc++";
				CLANG_WARN_EMPTY_BODY = YES;
				CLANG_WARN__DUPLICATE_METHOD_MATCH = YES;
				COPY_PHASE_STRIP = NO;
				EXECUTABLE_EXTENSION = "";
				EXECUTABLE_SUFFIX = "";
				GCC_C_LANGUAGE_STANDARD = gnu99;
				GCC_DYNAMIC_NO_PIC = NO;
				GCC_ENABLE_OBJC_EXCEPTIONS = YES;
				GCC_OPTIMIZATION_LEVEL = 0;
				GCC_PREPROCESSOR_DEFINITIONS = (
					"DEBUG=1",
					OSMac_,
					MAC_PLUGIN,
					_BOOL,
					REQUIRE_IOSTREAM,
				);
				GCC_SYMBOLS_PRIVATE_EXTERN = NO;
				GCC_WARN_64_TO_32_BIT_CONVERSION = YES;
				GCC_WARN_ABOUT_RETURN_TYPE = YES;
				GCC_WARN_UNINITIALIZED_AUTOS = YES;
				GCC_WARN_UNUSED_VARIABLE = YES;
				GENERATE_MASTER_OBJECT_FILE = YES;
				HEADER_SEARCH_PATHS = (
					.,
					./StanHull,
					/Applications/Autodesk/maya2013/devkit/include,
				);
				MACH_O_TYPE = mh_bundle;
				MACOSX_DEPLOYMENT_TARGET = 10.8;
				ONLY_ACTIVE_ARCH = YES;
				OTHER_LDFLAGS = "";
				SDKROOT = macosx;
			};
			name = Debug;
		};
		6D0D36B21690C86D0007D530 /* Release */ = {
			isa = XCBuildConfiguration;
			buildSettings = {
				ALWAYS_SEARCH_USER_PATHS = NO;
				ARCHS = "$(ARCHS_STANDARD_32_64_BIT)";
				CLANG_CXX_LANGUAGE_STANDARD = "gnu++0x";
				CLANG_CXX_LIBRARY = "libc++";
				CLANG_WARN_EMPTY_BODY = YES;
				CLANG_WARN__DUPLICATE_METHOD_MATCH = YES;
				COPY_PHASE_STRIP = YES;
				DEBUG_INFORMATION_FORMAT = "dwarf-with-dsym";
				EXECUTABLE_EXTENSION = "";
				EXECUTABLE_SUFFIX = "";
				GCC_C_LANGUAGE_STANDARD = gnu99;
				GCC_ENABLE_OBJC_EXCEPTIONS = YES;
				GCC_PREPROCESSOR_DEFINITIONS = (
					OSMac_,
					MAC_PLUGIN,
					_BOOL,
					REQUIRE_IOSTREAM,
				);
				GCC_WARN_64_TO_32_BIT_CONVERSION = YES;
				GCC_WARN_ABOUT_RETURN_TYPE = YES;
				GCC_WARN_UNINITIALIZED_AUTOS = YES;
				GCC_WARN_UNUSED_VARIABLE = YES;
				GENERATE_MASTER_OBJECT_FILE = YES;
				HEADER_SEARCH_PATHS = (
					.,
					./StanHull,
					/Applications/Autodesk/maya2013/devkit/include,
				);
				MACH_O_TYPE = mh_bundle;
				MACOSX_DEPLOYMENT_TARGET = 10.8;
				OTHER_LDFLAGS = "";
				SDKROOT = macosx;
			};
			name = Release;
		};
		6D0D36B41690C86D0007D530 /* Debug */ = {
			isa = XCBuildConfiguration;
			buildSettings = {
				ARCHS = "$(ARCHS_STANDARD_64_BIT)";
				COMBINE_HIDPI_IMAGES = YES;
				DYLIB_COMPATIBILITY_VERSION = "";
				DYLIB_CURRENT_VERSION = "";
				EXECUTABLE_EXTENSION = bundle;
				EXECUTABLE_PREFIX = "";
				EXECUTABLE_SUFFIX = .bundle;
				LIBRARY_SEARCH_PATHS = (
					.,
					/Applications/Autodesk/maya2013/Maya.app/Contents/MacOS,
				);
				OTHER_LDFLAGS = (
					"-Wl,-executable_path,/Applications/Autodesk/maya2013/Maya.app/Contents/MacOS",
					"-Wl,-exported_symbol,__Z16initializePlugin7MObject",
					"-Wl,-exported_symbol,__Z18uninitializePlugin7MObject",
					"-lOpenMaya",
					"-lFoundation",
				);
				PRODUCT_NAME = "$(TARGET_NAME)";
			};
			name = Debug;
		};
		6D0D36B51690C86D0007D530 /* Release */ = {
			isa = XCBuildConfiguration;
			buildSettings = {
				ARCHS = "$(ARCHS_STANDARD_64_BIT)";
				COMBINE_HIDPI_IMAGES = YES;
				DYLIB_COMPATIBILITY_VERSION = "";
				DYLIB_CURRENT_VERSION = "";
				EXECUTABLE_EXTENSION = bundle;
				EXECUTABLE_PREFIX = "";
				EXECUTABLE_SUFFIX = .bundle;
				GCC_GENERATE_DEBUGGING_SYMBOLS = NO;
				LIBRARY_SEARCH_PATHS = (
					.,
					/Applications/Autodesk/maya2013/Maya.app/Contents/MacOS,
				);
				OTHER_LDFLAGS = (
					"-Wl,-executable_path,/Applications/Autodesk/maya2013/Maya.app/Contents/MacOS",
					"-Wl,-exported_symbol,__Z16initializePlugin7MObject",
					"-Wl,-exported_symbol,__Z18uninitializePlugin7MObject",
					"-lOpenMaya",
					"-lFoundation",
				);
				PRODUCT_NAME = "$(TARGET_NAME)";
			};
			name = Release;
		};
		6DECFAE6169354C00009A010 /* Debug */ = {
			isa = XCBuildConfiguration;
			buildSettings = {
				ARCHS = "$(ARCHS_STANDARD_64_BIT)";
				GCC_PREPROCESSOR_DEFINITIONS = (
					"DEBUG=1",
					"$(inherited)",
				);
				MACH_O_TYPE = mh_execute;
				PRODUCT_NAME = "$(TARGET_NAME)";
			};
			name = Debug;
		};
		6DECFAE7169354C00009A010 /* Release */ = {
			isa = XCBuildConfiguration;
			buildSettings = {
				ARCHS = "$(ARCHS_STANDARD_64_BIT)";
				MACH_O_TYPE = mh_execute;
				PRODUCT_NAME = "$(TARGET_NAME)";
			};
			name = Release;
		};
/* End XCBuildConfiguration section */

/* Begin XCConfigurationList section */
		6D0D36A91690C86D0007D530 /* Build configuration list for PBXProject "DDConvexHull" */ = {
			isa = XCConfigurationList;
			buildConfigurations = (
				6D0D36B11690C86D0007D530 /* Debug */,
				6D0D36B21690C86D0007D530 /* Release */,
			);
			defaultConfigurationIsVisible = 0;
			defaultConfigurationName = Release;
		};
		6D0D36B31690C86D0007D530 /* Build configuration list for PBXNativeTarget "DDConvexHull" */ = {
			isa = XCConfigurationList;
			buildConfigurations = (
				6D0D36B41690C86D0007D530 /* Debug */,
				6D0D36B51690C86D0007D530 /* Release */,
			);
			defaultConfigurationIsVisible = 0;
			defaultConfigurationName = Release;
		};
		6DECFAE5169354C00009A010 /* Build configuration list for PBXNativeTarget "StanHull" */ = {
			isa = XCConfigurationList;
			buildConfigurations = (
				6DECFAE6169354C00009A010 /* Debug */,
				6DECFAE7169354C00009A010 /* Release */,
			);
			defaultConfigurationIsVisible = 0;
			defaultConfigurationName = Release;
		};
/* End XCConfigurationList section */
	};
	rootObject = 6D0D36A61690C86D0007D530 /* Project object */;
}
